
Microsoft Visual Studio Solution File, Format Version 12.00
# Visual Studio Version 17
VisualStudioVersion = 17.0.31903.59
MinimumVisualStudioVersion = 10.0.40219.1
Project("{FAE04EC0-301F-11D3-BF4B-00C04F79EFBC}") = "LB78.Domain", "LB78.Domain\LB78.Domain.csproj", "{2FD4FE9C-FC93-4369-B3AF-71E8C1D7183C}"
EndProject
Project("{FAE04EC0-301F-11D3-BF4B-00C04F79EFBC}") = "LB78.Application", "LB78.Application\LB78.Application.csproj", "{5F466109-44CE-492E-82BF-836FBFACF5F6}"
EndProject
Project("{FAE04EC0-301F-11D3-BF4B-00C04F79EFBC}") = "LB78.Persistense", "LB78.Persistense\LB78.Persistense.csproj", "{D98D6F94-D78C-47A1-8275-39692AD3F812}"
EndProject
Project("{FAE04EC0-301F-11D3-BF4B-00C04F79EFBC}") = "LB78.UI", "LB78.UI\LB78.UI.csproj", "{2C42C84C-215B-4B51-96ED-253F8610CDB4}"
EndProject
Global
	GlobalSection(SolutionConfigurationPlatforms) = preSolution
		Debug|Any CPU = Debug|Any CPU
		Debug|x64 = Debug|x64
		Debug|x86 = Debug|x86
		Release|Any CPU = Release|Any CPU
		Release|x64 = Release|x64
		Release|x86 = Release|x86
	EndGlobalSection
	GlobalSection(ProjectConfigurationPlatforms) = postSolution
		{2FD4FE9C-FC93-4369-B3AF-71E8C1D7183C}.Debug|Any CPU.ActiveCfg = Debug|Any CPU
		{2FD4FE9C-FC93-4369-B3AF-71E8C1D7183C}.Debug|Any CPU.Build.0 = Debug|Any CPU
		{2FD4FE9C-FC93-4369-B3AF-71E8C1D7183C}.Debug|x64.ActiveCfg = Debug|Any CPU
		{2FD4FE9C-FC93-4369-B3AF-71E8C1D7183C}.Debug|x64.Build.0 = Debug|Any CPU
		{2FD4FE9C-FC93-4369-B3AF-71E8C1D7183C}.Debug|x86.ActiveCfg = Debug|Any CPU
		{2FD4FE9C-FC93-4369-B3AF-71E8C1D7183C}.Debug|x86.Build.0 = Debug|Any CPU
		{2FD4FE9C-FC93-4369-B3AF-71E8C1D7183C}.Release|Any CPU.ActiveCfg = Release|Any CPU
		{2FD4FE9C-FC93-4369-B3AF-71E8C1D7183C}.Release|Any CPU.Build.0 = Release|Any CPU
		{2FD4FE9C-FC93-4369-B3AF-71E8C1D7183C}.Release|x64.ActiveCfg = Release|Any CPU
		{2FD4FE9C-FC93-4369-B3AF-71E8C1D7183C}.Release|x64.Build.0 = Release|Any CPU
		{2FD4FE9C-FC93-4369-B3AF-71E8C1D7183C}.Release|x86.ActiveCfg = Release|Any CPU
		{2FD4FE9C-FC93-4369-B3AF-71E8C1D7183C}.Release|x86.Build.0 = Release|Any CPU
		{5F466109-44CE-492E-82BF-836FBFACF5F6}.Debug|Any CPU.ActiveCfg = Debug|Any CPU
		{5F466109-44CE-492E-82BF-836FBFACF5F6}.Debug|Any CPU.Build.0 = Debug|Any CPU
		{5F466109-44CE-492E-82BF-836FBFACF5F6}.Debug|x64.ActiveCfg = Debug|Any CPU
		{5F466109-44CE-492E-82BF-836FBFACF5F6}.Debug|x64.Build.0 = Debug|Any CPU
		{5F466109-44CE-492E-82BF-836FBFACF5F6}.Debug|x86.ActiveCfg = Debug|Any CPU
		{5F466109-44CE-492E-82BF-836FBFACF5F6}.Debug|x86.Build.0 = Debug|Any CPU
		{5F466109-44CE-492E-82BF-836FBFACF5F6}.Release|Any CPU.ActiveCfg = Release|Any CPU
		{5F466109-44CE-492E-82BF-836FBFACF5F6}.Release|Any CPU.Build.0 = Release|Any CPU
		{5F466109-44CE-492E-82BF-836FBFACF5F6}.Release|x64.ActiveCfg = Release|Any CPU
		{5F466109-44CE-492E-82BF-836FBFACF5F6}.Release|x64.Build.0 = Release|Any CPU
		{5F466109-44CE-492E-82BF-836FBFACF5F6}.Release|x86.ActiveCfg = Release|Any CPU
		{5F466109-44CE-492E-82BF-836FBFACF5F6}.Release|x86.Build.0 = Release|Any CPU
		{D98D6F94-D78C-47A1-8275-39692AD3F812}.Debug|Any CPU.ActiveCfg = Debug|Any CPU
		{D98D6F94-D78C-47A1-8275-39692AD3F812}.Debug|Any CPU.Build.0 = Debug|Any CPU
		{D98D6F94-D78C-47A1-8275-39692AD3F812}.Debug|x64.ActiveCfg = Debug|Any CPU
		{D98D6F94-D78C-47A1-8275-39692AD3F812}.Debug|x64.Build.0 = Debug|Any CPU
		{D98D6F94-D78C-47A1-8275-39692AD3F812}.Debug|x86.ActiveCfg = Debug|Any CPU
		{D98D6F94-D78C-47A1-8275-39692AD3F812}.Debug|x86.Build.0 = Debug|Any CPU
		{D98D6F94-D78C-47A1-8275-39692AD3F812}.Release|Any CPU.ActiveCfg = Release|Any CPU
		{D98D6F94-D78C-47A1-8275-39692AD3F812}.Release|Any CPU.Build.0 = Release|Any CPU
		{D98D6F94-D78C-47A1-8275-39692AD3F812}.Release|x64.ActiveCfg = Release|Any CPU
		{D98D6F94-D78C-47A1-8275-39692AD3F812}.Release|x64.Build.0 = Release|Any CPU
		{D98D6F94-D78C-47A1-8275-39692AD3F812}.Release|x86.ActiveCfg = Release|Any CPU
		{D98D6F94-D78C-47A1-8275-39692AD3F812}.Release|x86.Build.0 = Release|Any CPU
		{2C42C84C-215B-4B51-96ED-253F8610CDB4}.Debug|Any CPU.ActiveCfg = Debug|Any CPU
		{2C42C84C-215B-4B51-96ED-253F8610CDB4}.Debug|Any CPU.Build.0 = Debug|Any CPU
		{2C42C84C-215B-4B51-96ED-253F8610CDB4}.Debug|x64.ActiveCfg = Debug|Any CPU
		{2C42C84C-215B-4B51-96ED-253F8610CDB4}.Debug|x64.Build.0 = Debug|Any CPU
		{2C42C84C-215B-4B51-96ED-253F8610CDB4}.Debug|x86.ActiveCfg = Debug|Any CPU
		{2C42C84C-215B-4B51-96ED-253F8610CDB4}.Debug|x86.Build.0 = Debug|Any CPU
		{2C42C84C-215B-4B51-96ED-253F8610CDB4}.Release|Any CPU.ActiveCfg = Release|Any CPU
		{2C42C84C-215B-4B51-96ED-253F8610CDB4}.Release|Any CPU.Build.0 = Release|Any CPU
		{2C42C84C-215B-4B51-96ED-253F8610CDB4}.Release|x64.ActiveCfg = Release|Any CPU
		{2C42C84C-215B-4B51-96ED-253F8610CDB4}.Release|x64.Build.0 = Release|Any CPU
		{2C42C84C-215B-4B51-96ED-253F8610CDB4}.Release|x86.ActiveCfg = Release|Any CPU
		{2C42C84C-215B-4B51-96ED-253F8610CDB4}.Release|x86.Build.0 = Release|Any CPU
	EndGlobalSection
	GlobalSection(SolutionProperties) = preSolution
		HideSolutionNode = FALSE
	EndGlobalSection
EndGlobal
